
Microsoft Visual Studio Solution File, Format Version 12.00
# Visual Studio Version 17
VisualStudioVersion = 17.5.33530.505
MinimumVisualStudioVersion = 10.0.40219.1
Project("{9A19103F-16F7-4668-BE54-9A1E7A4F7556}") = "PrimeCalc", "PrimeCalc\PrimeCalc.csproj", "{FEEE3D10-E033-4769-A227-99E4FE2A65AA}"
EndProject
Project("{9A19103F-16F7-4668-BE54-9A1E7A4F7556}") = "PrimeCalcMaster", "PrimeCalcMaster\PrimeCalcMaster.csproj", "{6A41ED68-7ADC-4733-97EC-2F72A8F15CF1}"
EndProject
Project("{9A19103F-16F7-4668-BE54-9A1E7A4F7556}") = "PrimeCalcSlave", "PrimeCalcSlave\PrimeCalcSlave.csproj", "{C70DCD4A-C70D-4D9E-B8D5-661ADB1812EC}"
EndProject
Project("{E53339B2-1760-4266-BCC7-CA923CBCF16C}") = "docker-compose", "docker-compose.dcproj", "{42BED170-7C10-4768-A12A-19F01847AA1B}"
EndProject
Global
	GlobalSection(SolutionConfigurationPlatforms) = preSolution
		Debug|Any CPU = Debug|Any CPU
		Release|Any CPU = Release|Any CPU
	EndGlobalSection
	GlobalSection(ProjectConfigurationPlatforms) = postSolution
		{FEEE3D10-E033-4769-A227-99E4FE2A65AA}.Debug|Any CPU.ActiveCfg = Debug|Any CPU
		{FEEE3D10-E033-4769-A227-99E4FE2A65AA}.Debug|Any CPU.Build.0 = Debug|Any CPU
		{FEEE3D10-E033-4769-A227-99E4FE2A65AA}.Release|Any CPU.ActiveCfg = Release|Any CPU
		{FEEE3D10-E033-4769-A227-99E4FE2A65AA}.Release|Any CPU.Build.0 = Release|Any CPU
		{6A41ED68-7ADC-4733-97EC-2F72A8F15CF1}.Debug|Any CPU.ActiveCfg = Debug|Any CPU
		{6A41ED68-7ADC-4733-97EC-2F72A8F15CF1}.Debug|Any CPU.Build.0 = Debug|Any CPU
		{6A41ED68-7ADC-4733-97EC-2F72A8F15CF1}.Release|Any CPU.ActiveCfg = Release|Any CPU
		{6A41ED68-7ADC-4733-97EC-2F72A8F15CF1}.Release|Any CPU.Build.0 = Release|Any CPU
		{C70DCD4A-C70D-4D9E-B8D5-661ADB1812EC}.Debug|Any CPU.ActiveCfg = Debug|Any CPU
		{C70DCD4A-C70D-4D9E-B8D5-661ADB1812EC}.Debug|Any CPU.Build.0 = Debug|Any CPU
		{C70DCD4A-C70D-4D9E-B8D5-661ADB1812EC}.Release|Any CPU.ActiveCfg = Release|Any CPU
		{C70DCD4A-C70D-4D9E-B8D5-661ADB1812EC}.Release|Any CPU.Build.0 = Release|Any CPU
		{42BED170-7C10-4768-A12A-19F01847AA1B}.Debug|Any CPU.ActiveCfg = Debug|Any CPU
		{42BED170-7C10-4768-A12A-19F01847AA1B}.Debug|Any CPU.Build.0 = Debug|Any CPU
		{42BED170-7C10-4768-A12A-19F01847AA1B}.Release|Any CPU.ActiveCfg = Release|Any CPU
		{42BED170-7C10-4768-A12A-19F01847AA1B}.Release|Any CPU.Build.0 = Release|Any CPU
	EndGlobalSection
	GlobalSection(SolutionProperties) = preSolution
		HideSolutionNode = FALSE
	EndGlobalSection
	GlobalSection(ExtensibilityGlobals) = postSolution
		SolutionGuid = {F0080760-5B87-42B2-8D04-EBC810BE6620}
	EndGlobalSection
EndGlobal
